
Microsoft Visual Studio Solution File, Format Version 12.00
Project("{2150E333-8FDC-42A3-9474-1A3956D46DE8}") = "src", "src", "{267FB19D-CC3B-4175-B7A9-858CB3FA8206}"
EndProject
Project("{FAE04EC0-301F-11D3-BF4B-00C04F79EFBC}") = "ClassLibrary1", "src\ClassLibrary1\ClassLibrary1.csproj", "{E9262C58-0BAE-4962-9937-3727C1F1264F}"
EndProject
Project("{FAE04EC0-301F-11D3-BF4B-00C04F79EFBC}") = "ConsoleApp1", "src\ConsoleApp1\ConsoleApp1.csproj", "{993C0500-172B-40D9-B655-ACD1A98031FD}"
EndProject
Project("{2150E333-8FDC-42A3-9474-1A3956D46DE8}") = "test", "test", "{5160AFED-B178-4EE8-AF89-C1041A416537}"
EndProject
Project("{FAE04EC0-301F-11D3-BF4B-00C04F79EFBC}") = "TestProject1", "test\TestProject1\TestProject1.csproj", "{B43BF473-0B24-43D0-85F2-3E8C8BB62531}"
EndProject
Project("{FAE04EC0-301F-11D3-BF4B-00C04F79EFBC}") = "ConsoleApp2", "src\ConsoleApp2\ConsoleApp2.csproj", "{A79E4984-8443-4CA4-96ED-9DE8BB324EE9}"
EndProject
Global
	GlobalSection(SolutionConfigurationPlatforms) = preSolution
		Debug|Any CPU = Debug|Any CPU
		Release|Any CPU = Release|Any CPU
	EndGlobalSection
	GlobalSection(NestedProjects) = preSolution
		{E9262C58-0BAE-4962-9937-3727C1F1264F} = {267FB19D-CC3B-4175-B7A9-858CB3FA8206}
		{993C0500-172B-40D9-B655-ACD1A98031FD} = {267FB19D-CC3B-4175-B7A9-858CB3FA8206}
		{B43BF473-0B24-43D0-85F2-3E8C8BB62531} = {5160AFED-B178-4EE8-AF89-C1041A416537}
		{A79E4984-8443-4CA4-96ED-9DE8BB324EE9} = {267FB19D-CC3B-4175-B7A9-858CB3FA8206}
	EndGlobalSection
	GlobalSection(ProjectConfigurationPlatforms) = postSolution
		{E9262C58-0BAE-4962-9937-3727C1F1264F}.Debug|Any CPU.ActiveCfg = Debug|Any CPU
		{E9262C58-0BAE-4962-9937-3727C1F1264F}.Debug|Any CPU.Build.0 = Debug|Any CPU
		{E9262C58-0BAE-4962-9937-3727C1F1264F}.Release|Any CPU.ActiveCfg = Release|Any CPU
		{E9262C58-0BAE-4962-9937-3727C1F1264F}.Release|Any CPU.Build.0 = Release|Any CPU
		{993C0500-172B-40D9-B655-ACD1A98031FD}.Debug|Any CPU.ActiveCfg = Debug|Any CPU
		{993C0500-172B-40D9-B655-ACD1A98031FD}.Debug|Any CPU.Build.0 = Debug|Any CPU
		{993C0500-172B-40D9-B655-ACD1A98031FD}.Release|Any CPU.ActiveCfg = Release|Any CPU
		{993C0500-172B-40D9-B655-ACD1A98031FD}.Release|Any CPU.Build.0 = Release|Any CPU
		{B43BF473-0B24-43D0-85F2-3E8C8BB62531}.Debug|Any CPU.ActiveCfg = Debug|Any CPU
		{B43BF473-0B24-43D0-85F2-3E8C8BB62531}.Debug|Any CPU.Build.0 = Debug|Any CPU
		{B43BF473-0B24-43D0-85F2-3E8C8BB62531}.Release|Any CPU.ActiveCfg = Release|Any CPU
		{B43BF473-0B24-43D0-85F2-3E8C8BB62531}.Release|Any CPU.Build.0 = Release|Any CPU
		{A79E4984-8443-4CA4-96ED-9DE8BB324EE9}.Debug|Any CPU.ActiveCfg = Debug|Any CPU
		{A79E4984-8443-4CA4-96ED-9DE8BB324EE9}.Debug|Any CPU.Build.0 = Debug|Any CPU
		{A79E4984-8443-4CA4-96ED-9DE8BB324EE9}.Release|Any CPU.ActiveCfg = Release|Any CPU
		{A79E4984-8443-4CA4-96ED-9DE8BB324EE9}.Release|Any CPU.Build.0 = Release|Any CPU
	EndGlobalSection
EndGlobal
